
Microsoft Visual Studio Solution File, Format Version 12.00
# Visual Studio Version 17
VisualStudioVersion = 17.14.36518.9 d17.14
MinimumVisualStudioVersion = 10.0.40219.1
Project("{FAE04EC0-301F-11D3-BF4B-00C04F79EFBC}") = "01. Trapeziod Area", "01. Trapeziod Area\01. Trapeziod Area.csproj", "{097D31AA-88A2-452E-B7D1-405307766A30}"
EndProject
Global
	GlobalSection(SolutionConfigurationPlatforms) = preSolution
		Debug|Any CPU = Debug|Any CPU
		Release|Any CPU = Release|Any CPU
	EndGlobalSection
	GlobalSection(ProjectConfigurationPlatforms) = postSolution
		{097D31AA-88A2-452E-B7D1-405307766A30}.Debug|Any CPU.ActiveCfg = Debug|Any CPU
		{097D31AA-88A2-452E-B7D1-405307766A30}.Debug|Any CPU.Build.0 = Debug|Any CPU
		{097D31AA-88A2-452E-B7D1-405307766A30}.Release|Any CPU.ActiveCfg = Release|Any CPU
		{097D31AA-88A2-452E-B7D1-405307766A30}.Release|Any CPU.Build.0 = Release|Any CPU
	EndGlobalSection
	GlobalSection(SolutionProperties) = preSolution
		HideSolutionNode = FALSE
	EndGlobalSection
	GlobalSection(ExtensibilityGlobals) = postSolution
		SolutionGuid = {788B605C-2BE5-473F-A141-EF902759E156}
	EndGlobalSection
EndGlobal
