
Microsoft Visual Studio Solution File, Format Version 12.00
# Visual Studio Version 17
VisualStudioVersion = 17.14.36518.9 d17.14
MinimumVisualStudioVersion = 10.0.40219.1
Project("{FAE04EC0-301F-11D3-BF4B-00C04F79EFBC}") = "01. Trapeziod Area", "01. Trapeziod Area\01. Trapeziod Area.csproj", "{097D31AA-88A2-452E-B7D1-405307766A30}"
EndProject
Project("{FAE04EC0-301F-11D3-BF4B-00C04F79EFBC}") = "02. Triangle Area", "02. Triangle Area\02. Triangle Area.csproj", "{0E0719EF-63DE-49B5-B877-D1462EB7B266}"
EndProject
Project("{FAE04EC0-301F-11D3-BF4B-00C04F79EFBC}") = "03. Celsius to Fahrenheit", "03. Celsius to Fahrenheit\03. Celsius to Fahrenheit.csproj", "{8C5BF82D-E30A-4CBB-8BA9-6C63A725C8C0}"
EndProject
Project("{FAE04EC0-301F-11D3-BF4B-00C04F79EFBC}") = "04. Vegetable Market", "04. Vegetable Market\04. Vegetable Market.csproj", "{A506DCA5-388C-4B6C-8D18-60681E002E07}"
EndProject
Global
	GlobalSection(SolutionConfigurationPlatforms) = preSolution
		Debug|Any CPU = Debug|Any CPU
		Release|Any CPU = Release|Any CPU
	EndGlobalSection
	GlobalSection(ProjectConfigurationPlatforms) = postSolution
		{097D31AA-88A2-452E-B7D1-405307766A30}.Debug|Any CPU.ActiveCfg = Debug|Any CPU
		{097D31AA-88A2-452E-B7D1-405307766A30}.Debug|Any CPU.Build.0 = Debug|Any CPU
		{097D31AA-88A2-452E-B7D1-405307766A30}.Release|Any CPU.ActiveCfg = Release|Any CPU
		{097D31AA-88A2-452E-B7D1-405307766A30}.Release|Any CPU.Build.0 = Release|Any CPU
		{0E0719EF-63DE-49B5-B877-D1462EB7B266}.Debug|Any CPU.ActiveCfg = Debug|Any CPU
		{0E0719EF-63DE-49B5-B877-D1462EB7B266}.Debug|Any CPU.Build.0 = Debug|Any CPU
		{0E0719EF-63DE-49B5-B877-D1462EB7B266}.Release|Any CPU.ActiveCfg = Release|Any CPU
		{0E0719EF-63DE-49B5-B877-D1462EB7B266}.Release|Any CPU.Build.0 = Release|Any CPU
		{8C5BF82D-E30A-4CBB-8BA9-6C63A725C8C0}.Debug|Any CPU.ActiveCfg = Debug|Any CPU
		{8C5BF82D-E30A-4CBB-8BA9-6C63A725C8C0}.Debug|Any CPU.Build.0 = Debug|Any CPU
		{8C5BF82D-E30A-4CBB-8BA9-6C63A725C8C0}.Release|Any CPU.ActiveCfg = Release|Any CPU
		{8C5BF82D-E30A-4CBB-8BA9-6C63A725C8C0}.Release|Any CPU.Build.0 = Release|Any CPU
		{A506DCA5-388C-4B6C-8D18-60681E002E07}.Debug|Any CPU.ActiveCfg = Debug|Any CPU
		{A506DCA5-388C-4B6C-8D18-60681E002E07}.Debug|Any CPU.Build.0 = Debug|Any CPU
		{A506DCA5-388C-4B6C-8D18-60681E002E07}.Release|Any CPU.ActiveCfg = Release|Any CPU
		{A506DCA5-388C-4B6C-8D18-60681E002E07}.Release|Any CPU.Build.0 = Release|Any CPU
	EndGlobalSection
	GlobalSection(SolutionProperties) = preSolution
		HideSolutionNode = FALSE
	EndGlobalSection
	GlobalSection(ExtensibilityGlobals) = postSolution
		SolutionGuid = {788B605C-2BE5-473F-A141-EF902759E156}
	EndGlobalSection
EndGlobal
